// !$*UTF8*$!
{
	archiveVersion = 1;
	classes = {
	};
	objectVersion = 56;
	objects = {

/* Begin PBXBuildFile section */
		0FE6A68662A09214E86F9705 /* Pods_Todo_SwiftUi_Sophisticated.framework in Frameworks */ = {isa = PBXBuildFile; fileRef = 8FFC55BB2ACBA03F2BB0E2F6 /* Pods_Todo_SwiftUi_Sophisticated.framework */; };
		811DC7B629D314EC0041ED4B /* ButtonDefault.swift in Sources */ = {isa = PBXBuildFile; fileRef = 811DC7B529D314EC0041ED4B /* ButtonDefault.swift */; };
		8132354329D8CA8A005B0D20 /* ShowTasks.swift in Sources */ = {isa = PBXBuildFile; fileRef = 8132354229D8CA8A005B0D20 /* ShowTasks.swift */; };
		8132354829D8EB7F005B0D20 /* Schedule.swift in Sources */ = {isa = PBXBuildFile; fileRef = 8132354729D8EB7F005B0D20 /* Schedule.swift */; };
		813BC05429DAEA6100BF4A2A /* JZCalendarWeekView in Frameworks */ = {isa = PBXBuildFile; productRef = 813BC05329DAEA6100BF4A2A /* JZCalendarWeekView */; };
		813BC05729DAFCC300BF4A2A /* ECWeekView in Frameworks */ = {isa = PBXBuildFile; productRef = 813BC05629DAFCC300BF4A2A /* ECWeekView */; };
		8172729929D4F2980089E058 /* FSCalendar in Frameworks */ = {isa = PBXBuildFile; productRef = 8172729829D4F2980089E058 /* FSCalendar */; };
		818B907A29D3A1FB00A3C889 /* Calendar.swift in Sources */ = {isa = PBXBuildFile; fileRef = 818B907929D3A1FB00A3C889 /* Calendar.swift */; };
		819DF72229B7F5AB007333F4 /* Realm in Frameworks */ = {isa = PBXBuildFile; productRef = 819DF72129B7F5AB007333F4 /* Realm */; };
		819DF72429B7F5AB007333F4 /* RealmSwift in Frameworks */ = {isa = PBXBuildFile; productRef = 819DF72329B7F5AB007333F4 /* RealmSwift */; };
		819DF72629B7F677007333F4 /* ActivitiesDetails.swift in Sources */ = {isa = PBXBuildFile; fileRef = 819DF72529B7F677007333F4 /* ActivitiesDetails.swift */; };
		819DF72C29B80DD5007333F4 /* AlertToast in Frameworks */ = {isa = PBXBuildFile; productRef = 819DF72B29B80DD5007333F4 /* AlertToast */; };
		819DF72E29B81978007333F4 /* ActivitiesModel.swift in Sources */ = {isa = PBXBuildFile; fileRef = 819DF72D29B81978007333F4 /* ActivitiesModel.swift */; };
		81DD8FC429B6BE2800092CD0 /* Todo_SwiftUi_SophisticatedApp.swift in Sources */ = {isa = PBXBuildFile; fileRef = 81DD8FC329B6BE2800092CD0 /* Todo_SwiftUi_SophisticatedApp.swift */; };
		81DD8FC629B6BE2800092CD0 /* Home.swift in Sources */ = {isa = PBXBuildFile; fileRef = 81DD8FC529B6BE2800092CD0 /* Home.swift */; };
		81DD8FC829B6BE2900092CD0 /* Assets.xcassets in Resources */ = {isa = PBXBuildFile; fileRef = 81DD8FC729B6BE2900092CD0 /* Assets.xcassets */; };
		81DD8FCB29B6BE2900092CD0 /* Preview Assets.xcassets in Resources */ = {isa = PBXBuildFile; fileRef = 81DD8FCA29B6BE2900092CD0 /* Preview Assets.xcassets */; };
		81DD8FDE29B6BF2C00092CD0 /* Inter-SemiBold.ttf in Resources */ = {isa = PBXBuildFile; fileRef = 81DD8FD529B6BF2B00092CD0 /* Inter-SemiBold.ttf */; };
		81DD8FDF29B6BF2C00092CD0 /* Inter-ExtraLight.ttf in Resources */ = {isa = PBXBuildFile; fileRef = 81DD8FD629B6BF2B00092CD0 /* Inter-ExtraLight.ttf */; };
		81DD8FE029B6BF2C00092CD0 /* Inter-Thin.ttf in Resources */ = {isa = PBXBuildFile; fileRef = 81DD8FD729B6BF2B00092CD0 /* Inter-Thin.ttf */; };
		81DD8FE129B6BF2C00092CD0 /* Inter-Bold.ttf in Resources */ = {isa = PBXBuildFile; fileRef = 81DD8FD829B6BF2B00092CD0 /* Inter-Bold.ttf */; };
		81DD8FE229B6BF2C00092CD0 /* Inter-Regular.ttf in Resources */ = {isa = PBXBuildFile; fileRef = 81DD8FD929B6BF2B00092CD0 /* Inter-Regular.ttf */; };
		81DD8FE329B6BF2C00092CD0 /* Inter-Black.ttf in Resources */ = {isa = PBXBuildFile; fileRef = 81DD8FDA29B6BF2B00092CD0 /* Inter-Black.ttf */; };
		81DD8FE429B6BF2C00092CD0 /* Inter-Light.ttf in Resources */ = {isa = PBXBuildFile; fileRef = 81DD8FDB29B6BF2C00092CD0 /* Inter-Light.ttf */; };
		81DD8FE529B6BF2C00092CD0 /* Inter-ExtraBold.ttf in Resources */ = {isa = PBXBuildFile; fileRef = 81DD8FDC29B6BF2C00092CD0 /* Inter-ExtraBold.ttf */; };
		81DD8FE629B6BF2C00092CD0 /* Inter-Medium.ttf in Resources */ = {isa = PBXBuildFile; fileRef = 81DD8FDD29B6BF2C00092CD0 /* Inter-Medium.ttf */; };
		81DD8FEA29B6C25400092CD0 /* ColorsApp.swift in Sources */ = {isa = PBXBuildFile; fileRef = 81DD8FE929B6C25400092CD0 /* ColorsApp.swift */; };
		81DD8FEC29B6C97300092CD0 /* ActivitiesView.swift in Sources */ = {isa = PBXBuildFile; fileRef = 81DD8FEB29B6C97300092CD0 /* ActivitiesView.swift */; };
		81DD8FEE29B6D12F00092CD0 /* gridActivities.swift in Sources */ = {isa = PBXBuildFile; fileRef = 81DD8FED29B6D12F00092CD0 /* gridActivities.swift */; };
		81DD8FF129B6D15800092CD0 /* CategoryActivities.swift in Sources */ = {isa = PBXBuildFile; fileRef = 81DD8FF029B6D15800092CD0 /* CategoryActivities.swift */; };
/* End PBXBuildFile section */

/* Begin PBXFileReference section */
		6B5568C85316B28A9F145D14 /* Pods-Todo_SwiftUi_Sophisticated.debug.xcconfig */ = {isa = PBXFileReference; includeInIndex = 1; lastKnownFileType = text.xcconfig; name = "Pods-Todo_SwiftUi_Sophisticated.debug.xcconfig"; path = "Target Support Files/Pods-Todo_SwiftUi_Sophisticated/Pods-Todo_SwiftUi_Sophisticated.debug.xcconfig"; sourceTree = "<group>"; };
		811DC7B529D314EC0041ED4B /* ButtonDefault.swift */ = {isa = PBXFileReference; lastKnownFileType = sourcecode.swift; path = ButtonDefault.swift; sourceTree = "<group>"; };
		8132354229D8CA8A005B0D20 /* ShowTasks.swift */ = {isa = PBXFileReference; lastKnownFileType = sourcecode.swift; path = ShowTasks.swift; sourceTree = "<group>"; };
		8132354729D8EB7F005B0D20 /* Schedule.swift */ = {isa = PBXFileReference; lastKnownFileType = sourcecode.swift; name = Schedule.swift; path = Todo_SwiftUi_Sophisticated/App/Schedule.swift; sourceTree = SOURCE_ROOT; };
		818B907929D3A1FB00A3C889 /* Calendar.swift */ = {isa = PBXFileReference; lastKnownFileType = sourcecode.swift; path = Calendar.swift; sourceTree = "<group>"; };
		819DF72529B7F677007333F4 /* ActivitiesDetails.swift */ = {isa = PBXFileReference; lastKnownFileType = sourcecode.swift; path = ActivitiesDetails.swift; sourceTree = "<group>"; };
		819DF72D29B81978007333F4 /* ActivitiesModel.swift */ = {isa = PBXFileReference; lastKnownFileType = sourcecode.swift; name = ActivitiesModel.swift; path = Todo_SwiftUi_Sophisticated/App/ActivitiesModel.swift; sourceTree = SOURCE_ROOT; };
		81DD8FC029B6BE2800092CD0 /* Todo_SwiftUi_Sophisticated.app */ = {isa = PBXFileReference; explicitFileType = wrapper.application; includeInIndex = 0; path = Todo_SwiftUi_Sophisticated.app; sourceTree = BUILT_PRODUCTS_DIR; };
		81DD8FC329B6BE2800092CD0 /* Todo_SwiftUi_SophisticatedApp.swift */ = {isa = PBXFileReference; lastKnownFileType = sourcecode.swift; path = Todo_SwiftUi_SophisticatedApp.swift; sourceTree = "<group>"; };
		81DD8FC529B6BE2800092CD0 /* Home.swift */ = {isa = PBXFileReference; lastKnownFileType = sourcecode.swift; path = Home.swift; sourceTree = "<group>"; };
		81DD8FC729B6BE2900092CD0 /* Assets.xcassets */ = {isa = PBXFileReference; lastKnownFileType = folder.assetcatalog; path = Assets.xcassets; sourceTree = "<group>"; };
		81DD8FCA29B6BE2900092CD0 /* Preview Assets.xcassets */ = {isa = PBXFileReference; lastKnownFileType = folder.assetcatalog; path = "Preview Assets.xcassets"; sourceTree = "<group>"; };
		81DD8FD529B6BF2B00092CD0 /* Inter-SemiBold.ttf */ = {isa = PBXFileReference; lastKnownFileType = file; path = "Inter-SemiBold.ttf"; sourceTree = "<group>"; };
		81DD8FD629B6BF2B00092CD0 /* Inter-ExtraLight.ttf */ = {isa = PBXFileReference; lastKnownFileType = file; path = "Inter-ExtraLight.ttf"; sourceTree = "<group>"; };
		81DD8FD729B6BF2B00092CD0 /* Inter-Thin.ttf */ = {isa = PBXFileReference; lastKnownFileType = file; path = "Inter-Thin.ttf"; sourceTree = "<group>"; };
		81DD8FD829B6BF2B00092CD0 /* Inter-Bold.ttf */ = {isa = PBXFileReference; lastKnownFileType = file; path = "Inter-Bold.ttf"; sourceTree = "<group>"; };
		81DD8FD929B6BF2B00092CD0 /* Inter-Regular.ttf */ = {isa = PBXFileReference; lastKnownFileType = file; path = "Inter-Regular.ttf"; sourceTree = "<group>"; };
		81DD8FDA29B6BF2B00092CD0 /* Inter-Black.ttf */ = {isa = PBXFileReference; lastKnownFileType = file; path = "Inter-Black.ttf"; sourceTree = "<group>"; };
		81DD8FDB29B6BF2C00092CD0 /* Inter-Light.ttf */ = {isa = PBXFileReference; lastKnownFileType = file; path = "Inter-Light.ttf"; sourceTree = "<group>"; };
		81DD8FDC29B6BF2C00092CD0 /* Inter-ExtraBold.ttf */ = {isa = PBXFileReference; lastKnownFileType = file; path = "Inter-ExtraBold.ttf"; sourceTree = "<group>"; };
		81DD8FDD29B6BF2C00092CD0 /* Inter-Medium.ttf */ = {isa = PBXFileReference; lastKnownFileType = file; path = "Inter-Medium.ttf"; sourceTree = "<group>"; };
		81DD8FE729B6BF3E00092CD0 /* Todo-SwiftUi-Sophisticated-Info.plist */ = {isa = PBXFileReference; lastKnownFileType = text.plist; path = "Todo-SwiftUi-Sophisticated-Info.plist"; sourceTree = SOURCE_ROOT; };
		81DD8FE929B6C25400092CD0 /* ColorsApp.swift */ = {isa = PBXFileReference; lastKnownFileType = sourcecode.swift; path = ColorsApp.swift; sourceTree = "<group>"; };
		81DD8FEB29B6C97300092CD0 /* ActivitiesView.swift */ = {isa = PBXFileReference; lastKnownFileType = sourcecode.swift; name = ActivitiesView.swift; path = Todo_SwiftUi_Sophisticated/App/ActivitiesView.swift; sourceTree = SOURCE_ROOT; };
		81DD8FED29B6D12F00092CD0 /* gridActivities.swift */ = {isa = PBXFileReference; lastKnownFileType = sourcecode.swift; name = gridActivities.swift; path = Todo_SwiftUi_Sophisticated/App/gridActivities.swift; sourceTree = SOURCE_ROOT; };
		81DD8FF029B6D15800092CD0 /* CategoryActivities.swift */ = {isa = PBXFileReference; lastKnownFileType = sourcecode.swift; name = CategoryActivities.swift; path = Todo_SwiftUi_Sophisticated/App/CategoryActivities.swift; sourceTree = SOURCE_ROOT; };
		8FFC55BB2ACBA03F2BB0E2F6 /* Pods_Todo_SwiftUi_Sophisticated.framework */ = {isa = PBXFileReference; explicitFileType = wrapper.framework; includeInIndex = 0; path = Pods_Todo_SwiftUi_Sophisticated.framework; sourceTree = BUILT_PRODUCTS_DIR; };
		EB4DA9B978A8D1C2B8EA5EE4 /* Pods-Todo_SwiftUi_Sophisticated.release.xcconfig */ = {isa = PBXFileReference; includeInIndex = 1; lastKnownFileType = text.xcconfig; name = "Pods-Todo_SwiftUi_Sophisticated.release.xcconfig"; path = "Target Support Files/Pods-Todo_SwiftUi_Sophisticated/Pods-Todo_SwiftUi_Sophisticated.release.xcconfig"; sourceTree = "<group>"; };
/* End PBXFileReference section */

/* Begin PBXFrameworksBuildPhase section */
		81DD8FBD29B6BE2800092CD0 /* Frameworks */ = {
			isa = PBXFrameworksBuildPhase;
			buildActionMask = 2147483647;
			files = (
				813BC05429DAEA6100BF4A2A /* JZCalendarWeekView in Frameworks */,
				819DF72C29B80DD5007333F4 /* AlertToast in Frameworks */,
				8172729929D4F2980089E058 /* FSCalendar in Frameworks */,
				819DF72429B7F5AB007333F4 /* RealmSwift in Frameworks */,
				819DF72229B7F5AB007333F4 /* Realm in Frameworks */,
				0FE6A68662A09214E86F9705 /* Pods_Todo_SwiftUi_Sophisticated.framework in Frameworks */,
				813BC05729DAFCC300BF4A2A /* ECWeekView in Frameworks */,
			);
			runOnlyForDeploymentPostprocessing = 0;
		};
/* End PBXFrameworksBuildPhase section */

/* Begin PBXGroup section */
		1F33C6B1F843E95616756361 /* Frameworks */ = {
			isa = PBXGroup;
			children = (
				8FFC55BB2ACBA03F2BB0E2F6 /* Pods_Todo_SwiftUi_Sophisticated.framework */,
			);
			name = Frameworks;
			sourceTree = "<group>";
		};
		7072A59BD734C9F117D11702 /* Pods */ = {
			isa = PBXGroup;
			children = (
				6B5568C85316B28A9F145D14 /* Pods-Todo_SwiftUi_Sophisticated.debug.xcconfig */,
				EB4DA9B978A8D1C2B8EA5EE4 /* Pods-Todo_SwiftUi_Sophisticated.release.xcconfig */,
			);
			path = Pods;
			sourceTree = "<group>";
		};
		81DD8FB729B6BE2800092CD0 = {
			isa = PBXGroup;
			children = (
				81DD8FC229B6BE2800092CD0 /* Todo_SwiftUi_Sophisticated */,
				81DD8FC129B6BE2800092CD0 /* Products */,
				7072A59BD734C9F117D11702 /* Pods */,
				1F33C6B1F843E95616756361 /* Frameworks */,
			);
			sourceTree = "<group>";
		};
		81DD8FC129B6BE2800092CD0 /* Products */ = {
			isa = PBXGroup;
			children = (
				81DD8FC029B6BE2800092CD0 /* Todo_SwiftUi_Sophisticated.app */,
			);
			name = Products;
			sourceTree = "<group>";
		};
		81DD8FC229B6BE2800092CD0 /* Todo_SwiftUi_Sophisticated */ = {
			isa = PBXGroup;
			children = (
				81DD8FE729B6BF3E00092CD0 /* Todo-SwiftUi-Sophisticated-Info.plist */,
				81DD8FEF29B6D13C00092CD0 /* models */,
				81DD8FE829B6C23700092CD0 /* utils */,
				81DD8FD329B6BE5B00092CD0 /* assets */,
				81DD8FD229B6BE4500092CD0 /* Views */,
				81DD8FD129B6BE3B00092CD0 /* App */,
				81DD8FC929B6BE2900092CD0 /* Preview Content */,
			);
			path = Todo_SwiftUi_Sophisticated;
			sourceTree = "<group>";
		};
		81DD8FC929B6BE2900092CD0 /* Preview Content */ = {
			isa = PBXGroup;
			children = (
				81DD8FCA29B6BE2900092CD0 /* Preview Assets.xcassets */,
			);
			path = "Preview Content";
			sourceTree = "<group>";
		};
		81DD8FD129B6BE3B00092CD0 /* App */ = {
			isa = PBXGroup;
			children = (
				81DD8FC329B6BE2800092CD0 /* Todo_SwiftUi_SophisticatedApp.swift */,
				81DD8FC529B6BE2800092CD0 /* Home.swift */,
				819DF72529B7F677007333F4 /* ActivitiesDetails.swift */,
				8132354229D8CA8A005B0D20 /* ShowTasks.swift */,
			);
			path = App;
			sourceTree = "<group>";
		};
		81DD8FD229B6BE4500092CD0 /* Views */ = {
			isa = PBXGroup;
			children = (
				81DD8FEB29B6C97300092CD0 /* ActivitiesView.swift */,
				811DC7B529D314EC0041ED4B /* ButtonDefault.swift */,
				818B907929D3A1FB00A3C889 /* Calendar.swift */,
				8132354729D8EB7F005B0D20 /* Schedule.swift */,
			);
			path = Views;
			sourceTree = "<group>";
		};
		81DD8FD329B6BE5B00092CD0 /* assets */ = {
			isa = PBXGroup;
			children = (
				81DD8FD429B6BF1300092CD0 /* fonts */,
				81DD8FC729B6BE2900092CD0 /* Assets.xcassets */,
			);
			path = assets;
			sourceTree = "<group>";
		};
		81DD8FD429B6BF1300092CD0 /* fonts */ = {
			isa = PBXGroup;
			children = (
				81DD8FDA29B6BF2B00092CD0 /* Inter-Black.ttf */,
				81DD8FD829B6BF2B00092CD0 /* Inter-Bold.ttf */,
				81DD8FDC29B6BF2C00092CD0 /* Inter-ExtraBold.ttf */,
				81DD8FD629B6BF2B00092CD0 /* Inter-ExtraLight.ttf */,
				81DD8FDB29B6BF2C00092CD0 /* Inter-Light.ttf */,
				81DD8FDD29B6BF2C00092CD0 /* Inter-Medium.ttf */,
				81DD8FD929B6BF2B00092CD0 /* Inter-Regular.ttf */,
				81DD8FD529B6BF2B00092CD0 /* Inter-SemiBold.ttf */,
				81DD8FD729B6BF2B00092CD0 /* Inter-Thin.ttf */,
			);
			path = fonts;
			sourceTree = "<group>";
		};
		81DD8FE829B6C23700092CD0 /* utils */ = {
			isa = PBXGroup;
			children = (
				81DD8FE929B6C25400092CD0 /* ColorsApp.swift */,
				81DD8FED29B6D12F00092CD0 /* gridActivities.swift */,
			);
			path = utils;
			sourceTree = "<group>";
		};
		81DD8FEF29B6D13C00092CD0 /* models */ = {
			isa = PBXGroup;
			children = (
				81DD8FF029B6D15800092CD0 /* CategoryActivities.swift */,
				819DF72D29B81978007333F4 /* ActivitiesModel.swift */,
			);
			path = models;
			sourceTree = "<group>";
		};
/* End PBXGroup section */

/* Begin PBXNativeTarget section */
		81DD8FBF29B6BE2800092CD0 /* Todo_SwiftUi_Sophisticated */ = {
			isa = PBXNativeTarget;
			buildConfigurationList = 81DD8FCE29B6BE2900092CD0 /* Build configuration list for PBXNativeTarget "Todo_SwiftUi_Sophisticated" */;
			buildPhases = (
				364351025D275E8D09846079 /* [CP] Check Pods Manifest.lock */,
				81DD8FBC29B6BE2800092CD0 /* Sources */,
				81DD8FBD29B6BE2800092CD0 /* Frameworks */,
				81DD8FBE29B6BE2800092CD0 /* Resources */,
				2499753BAFBFF16DDC293BA5 /* [CP] Embed Pods Frameworks */,
			);
			buildRules = (
			);
			dependencies = (
			);
			name = Todo_SwiftUi_Sophisticated;
			packageProductDependencies = (
				819DF72129B7F5AB007333F4 /* Realm */,
				819DF72329B7F5AB007333F4 /* RealmSwift */,
				819DF72B29B80DD5007333F4 /* AlertToast */,
				8172729829D4F2980089E058 /* FSCalendar */,
				813BC05329DAEA6100BF4A2A /* JZCalendarWeekView */,
				813BC05629DAFCC300BF4A2A /* ECWeekView */,
			);
			productName = Todo_SwiftUi_Sophisticated;
			productReference = 81DD8FC029B6BE2800092CD0 /* Todo_SwiftUi_Sophisticated.app */;
			productType = "com.apple.product-type.application";
		};
/* End PBXNativeTarget section */

/* Begin PBXProject section */
		81DD8FB829B6BE2800092CD0 /* Project object */ = {
			isa = PBXProject;
			attributes = {
				BuildIndependentTargetsInParallel = 1;
				LastSwiftUpdateCheck = 1420;
				LastUpgradeCheck = 1420;
				TargetAttributes = {
					81DD8FBF29B6BE2800092CD0 = {
						CreatedOnToolsVersion = 14.2;
					};
				};
			};
			buildConfigurationList = 81DD8FBB29B6BE2800092CD0 /* Build configuration list for PBXProject "Todo_SwiftUi_Sophisticated" */;
			compatibilityVersion = "Xcode 14.0";
			developmentRegion = en;
			hasScannedForEncodings = 0;
			knownRegions = (
				en,
				Base,
			);
			mainGroup = 81DD8FB729B6BE2800092CD0;
			packageReferences = (
				819DF72029B7F5AB007333F4 /* XCRemoteSwiftPackageReference "realm-swift.git" */,
				819DF72A29B80DD5007333F4 /* XCRemoteSwiftPackageReference "AlertToast.git" */,
				8172729729D4F2980089E058 /* XCRemoteSwiftPackageReference "FSCalendar.git" */,
				813BC05229DAEA6100BF4A2A /* XCRemoteSwiftPackageReference "JZCalendarWeekView.git" */,
				813BC05529DAFCC300BF4A2A /* XCRemoteSwiftPackageReference "swift-week-view" */,
			);
			productRefGroup = 81DD8FC129B6BE2800092CD0 /* Products */;
			projectDirPath = "";
			projectRoot = "";
			targets = (
				81DD8FBF29B6BE2800092CD0 /* Todo_SwiftUi_Sophisticated */,
			);
		};
/* End PBXProject section */

/* Begin PBXResourcesBuildPhase section */
		81DD8FBE29B6BE2800092CD0 /* Resources */ = {
			isa = PBXResourcesBuildPhase;
			buildActionMask = 2147483647;
			files = (
				81DD8FE129B6BF2C00092CD0 /* Inter-Bold.ttf in Resources */,
				81DD8FE429B6BF2C00092CD0 /* Inter-Light.ttf in Resources */,
				81DD8FDE29B6BF2C00092CD0 /* Inter-SemiBold.ttf in Resources */,
				81DD8FCB29B6BE2900092CD0 /* Preview Assets.xcassets in Resources */,
				81DD8FC829B6BE2900092CD0 /* Assets.xcassets in Resources */,
				81DD8FE529B6BF2C00092CD0 /* Inter-ExtraBold.ttf in Resources */,
				81DD8FE029B6BF2C00092CD0 /* Inter-Thin.ttf in Resources */,
				81DD8FDF29B6BF2C00092CD0 /* Inter-ExtraLight.ttf in Resources */,
				81DD8FE229B6BF2C00092CD0 /* Inter-Regular.ttf in Resources */,
				81DD8FE629B6BF2C00092CD0 /* Inter-Medium.ttf in Resources */,
				81DD8FE329B6BF2C00092CD0 /* Inter-Black.ttf in Resources */,
			);
			runOnlyForDeploymentPostprocessing = 0;
		};
/* End PBXResourcesBuildPhase section */

/* Begin PBXShellScriptBuildPhase section */
		2499753BAFBFF16DDC293BA5 /* [CP] Embed Pods Frameworks */ = {
			isa = PBXShellScriptBuildPhase;
			buildActionMask = 2147483647;
			files = (
			);
			inputFileListPaths = (
				"${PODS_ROOT}/Target Support Files/Pods-Todo_SwiftUi_Sophisticated/Pods-Todo_SwiftUi_Sophisticated-frameworks-${CONFIGURATION}-input-files.xcfilelist",
			);
			name = "[CP] Embed Pods Frameworks";
			outputFileListPaths = (
				"${PODS_ROOT}/Target Support Files/Pods-Todo_SwiftUi_Sophisticated/Pods-Todo_SwiftUi_Sophisticated-frameworks-${CONFIGURATION}-output-files.xcfilelist",
			);
			runOnlyForDeploymentPostprocessing = 0;
			shellPath = /bin/sh;
			shellScript = "\"${PODS_ROOT}/Target Support Files/Pods-Todo_SwiftUi_Sophisticated/Pods-Todo_SwiftUi_Sophisticated-frameworks.sh\"\n";
			showEnvVarsInLog = 0;
		};
		364351025D275E8D09846079 /* [CP] Check Pods Manifest.lock */ = {
			isa = PBXShellScriptBuildPhase;
			buildActionMask = 2147483647;
			files = (
			);
			inputFileListPaths = (
			);
			inputPaths = (
				"${PODS_PODFILE_DIR_PATH}/Podfile.lock",
				"${PODS_ROOT}/Manifest.lock",
			);
			name = "[CP] Check Pods Manifest.lock";
			outputFileListPaths = (
			);
			outputPaths = (
				"$(DERIVED_FILE_DIR)/Pods-Todo_SwiftUi_Sophisticated-checkManifestLockResult.txt",
			);
			runOnlyForDeploymentPostprocessing = 0;
			shellPath = /bin/sh;
			shellScript = "diff \"${PODS_PODFILE_DIR_PATH}/Podfile.lock\" \"${PODS_ROOT}/Manifest.lock\" > /dev/null\nif [ $? != 0 ] ; then\n    # print error to STDERR\n    echo \"error: The sandbox is not in sync with the Podfile.lock. Run 'pod install' or update your CocoaPods installation.\" >&2\n    exit 1\nfi\n# This output is used by Xcode 'outputs' to avoid re-running this script phase.\necho \"SUCCESS\" > \"${SCRIPT_OUTPUT_FILE_0}\"\n";
			showEnvVarsInLog = 0;
		};
/* End PBXShellScriptBuildPhase section */

/* Begin PBXSourcesBuildPhase section */
		81DD8FBC29B6BE2800092CD0 /* Sources */ = {
			isa = PBXSourcesBuildPhase;
			buildActionMask = 2147483647;
			files = (
				81DD8FEA29B6C25400092CD0 /* ColorsApp.swift in Sources */,
				811DC7B629D314EC0041ED4B /* ButtonDefault.swift in Sources */,
				8132354829D8EB7F005B0D20 /* Schedule.swift in Sources */,
				81DD8FF129B6D15800092CD0 /* CategoryActivities.swift in Sources */,
				81DD8FC629B6BE2800092CD0 /* Home.swift in Sources */,
				81DD8FC429B6BE2800092CD0 /* Todo_SwiftUi_SophisticatedApp.swift in Sources */,
				81DD8FEE29B6D12F00092CD0 /* gridActivities.swift in Sources */,
				81DD8FEC29B6C97300092CD0 /* ActivitiesView.swift in Sources */,
				819DF72E29B81978007333F4 /* ActivitiesModel.swift in Sources */,
				819DF72629B7F677007333F4 /* ActivitiesDetails.swift in Sources */,
				818B907A29D3A1FB00A3C889 /* Calendar.swift in Sources */,
				8132354329D8CA8A005B0D20 /* ShowTasks.swift in Sources */,
			);
			runOnlyForDeploymentPostprocessing = 0;
		};
/* End PBXSourcesBuildPhase section */

/* Begin XCBuildConfiguration section */
		81DD8FCC29B6BE2900092CD0 /* Debug */ = {
			isa = XCBuildConfiguration;
			buildSettings = {
				ALWAYS_SEARCH_USER_PATHS = NO;
				CLANG_ANALYZER_NONNULL = YES;
				CLANG_ANALYZER_NUMBER_OBJECT_CONVERSION = YES_AGGRESSIVE;
				CLANG_CXX_LANGUAGE_STANDARD = "gnu++20";
				CLANG_ENABLE_MODULES = YES;
				CLANG_ENABLE_OBJC_ARC = YES;
				CLANG_ENABLE_OBJC_WEAK = YES;
				CLANG_WARN_BLOCK_CAPTURE_AUTORELEASING = YES;
				CLANG_WARN_BOOL_CONVERSION = YES;
				CLANG_WARN_COMMA = YES;
				CLANG_WARN_CONSTANT_CONVERSION = YES;
				CLANG_WARN_DEPRECATED_OBJC_IMPLEMENTATIONS = YES;
				CLANG_WARN_DIRECT_OBJC_ISA_USAGE = YES_ERROR;
				CLANG_WARN_DOCUMENTATION_COMMENTS = YES;
				CLANG_WARN_EMPTY_BODY = YES;
				CLANG_WARN_ENUM_CONVERSION = YES;
				CLANG_WARN_INFINITE_RECURSION = YES;
				CLANG_WARN_INT_CONVERSION = YES;
				CLANG_WARN_NON_LITERAL_NULL_CONVERSION = YES;
				CLANG_WARN_OBJC_IMPLICIT_RETAIN_SELF = YES;
				CLANG_WARN_OBJC_LITERAL_CONVERSION = YES;
				CLANG_WARN_OBJC_ROOT_CLASS = YES_ERROR;
				CLANG_WARN_QUOTED_INCLUDE_IN_FRAMEWORK_HEADER = YES;
				CLANG_WARN_RANGE_LOOP_ANALYSIS = YES;
				CLANG_WARN_STRICT_PROTOTYPES = YES;
				CLANG_WARN_SUSPICIOUS_MOVE = YES;
				CLANG_WARN_UNGUARDED_AVAILABILITY = YES_AGGRESSIVE;
				CLANG_WARN_UNREACHABLE_CODE = YES;
				CLANG_WARN__DUPLICATE_METHOD_MATCH = YES;
				COPY_PHASE_STRIP = NO;
				DEBUG_INFORMATION_FORMAT = dwarf;
				ENABLE_STRICT_OBJC_MSGSEND = YES;
				ENABLE_TESTABILITY = YES;
				GCC_C_LANGUAGE_STANDARD = gnu11;
				GCC_DYNAMIC_NO_PIC = NO;
				GCC_NO_COMMON_BLOCKS = YES;
				GCC_OPTIMIZATION_LEVEL = 0;
				GCC_PREPROCESSOR_DEFINITIONS = (
					"DEBUG=1",
					"$(inherited)",
				);
				GCC_WARN_64_TO_32_BIT_CONVERSION = YES;
				GCC_WARN_ABOUT_RETURN_TYPE = YES_ERROR;
				GCC_WARN_UNDECLARED_SELECTOR = YES;
				GCC_WARN_UNINITIALIZED_AUTOS = YES_AGGRESSIVE;
				GCC_WARN_UNUSED_FUNCTION = YES;
				GCC_WARN_UNUSED_VARIABLE = YES;
				IPHONEOS_DEPLOYMENT_TARGET = 16.2;
				MTL_ENABLE_DEBUG_INFO = INCLUDE_SOURCE;
				MTL_FAST_MATH = YES;
				ONLY_ACTIVE_ARCH = YES;
				SDKROOT = iphoneos;
				SWIFT_ACTIVE_COMPILATION_CONDITIONS = DEBUG;
				SWIFT_OPTIMIZATION_LEVEL = "-Onone";
			};
			name = Debug;
		};
		81DD8FCD29B6BE2900092CD0 /* Release */ = {
			isa = XCBuildConfiguration;
			buildSettings = {
				ALWAYS_SEARCH_USER_PATHS = NO;
				CLANG_ANALYZER_NONNULL = YES;
				CLANG_ANALYZER_NUMBER_OBJECT_CONVERSION = YES_AGGRESSIVE;
				CLANG_CXX_LANGUAGE_STANDARD = "gnu++20";
				CLANG_ENABLE_MODULES = YES;
				CLANG_ENABLE_OBJC_ARC = YES;
				CLANG_ENABLE_OBJC_WEAK = YES;
				CLANG_WARN_BLOCK_CAPTURE_AUTORELEASING = YES;
				CLANG_WARN_BOOL_CONVERSION = YES;
				CLANG_WARN_COMMA = YES;
				CLANG_WARN_CONSTANT_CONVERSION = YES;
				CLANG_WARN_DEPRECATED_OBJC_IMPLEMENTATIONS = YES;
				CLANG_WARN_DIRECT_OBJC_ISA_USAGE = YES_ERROR;
				CLANG_WARN_DOCUMENTATION_COMMENTS = YES;
				CLANG_WARN_EMPTY_BODY = YES;
				CLANG_WARN_ENUM_CONVERSION = YES;
				CLANG_WARN_INFINITE_RECURSION = YES;
				CLANG_WARN_INT_CONVERSION = YES;
				CLANG_WARN_NON_LITERAL_NULL_CONVERSION = YES;
				CLANG_WARN_OBJC_IMPLICIT_RETAIN_SELF = YES;
				CLANG_WARN_OBJC_LITERAL_CONVERSION = YES;
				CLANG_WARN_OBJC_ROOT_CLASS = YES_ERROR;
				CLANG_WARN_QUOTED_INCLUDE_IN_FRAMEWORK_HEADER = YES;
				CLANG_WARN_RANGE_LOOP_ANALYSIS = YES;
				CLANG_WARN_STRICT_PROTOTYPES = YES;
				CLANG_WARN_SUSPICIOUS_MOVE = YES;
				CLANG_WARN_UNGUARDED_AVAILABILITY = YES_AGGRESSIVE;
				CLANG_WARN_UNREACHABLE_CODE = YES;
				CLANG_WARN__DUPLICATE_METHOD_MATCH = YES;
				COPY_PHASE_STRIP = NO;
				DEBUG_INFORMATION_FORMAT = "dwarf-with-dsym";
				ENABLE_NS_ASSERTIONS = NO;
				ENABLE_STRICT_OBJC_MSGSEND = YES;
				GCC_C_LANGUAGE_STANDARD = gnu11;
				GCC_NO_COMMON_BLOCKS = YES;
				GCC_WARN_64_TO_32_BIT_CONVERSION = YES;
				GCC_WARN_ABOUT_RETURN_TYPE = YES_ERROR;
				GCC_WARN_UNDECLARED_SELECTOR = YES;
				GCC_WARN_UNINITIALIZED_AUTOS = YES_AGGRESSIVE;
				GCC_WARN_UNUSED_FUNCTION = YES;
				GCC_WARN_UNUSED_VARIABLE = YES;
				IPHONEOS_DEPLOYMENT_TARGET = 16.2;
				MTL_ENABLE_DEBUG_INFO = NO;
				MTL_FAST_MATH = YES;
				SDKROOT = iphoneos;
				SWIFT_COMPILATION_MODE = wholemodule;
				SWIFT_OPTIMIZATION_LEVEL = "-O";
				VALIDATE_PRODUCT = YES;
			};
			name = Release;
		};
		81DD8FCF29B6BE2900092CD0 /* Debug */ = {
			isa = XCBuildConfiguration;
			baseConfigurationReference = 6B5568C85316B28A9F145D14 /* Pods-Todo_SwiftUi_Sophisticated.debug.xcconfig */;
			buildSettings = {
				ASSETCATALOG_COMPILER_APPICON_NAME = AppIcon;
				ASSETCATALOG_COMPILER_GLOBAL_ACCENT_COLOR_NAME = AccentColor;
				CODE_SIGN_STYLE = Automatic;
				CURRENT_PROJECT_VERSION = 1;
				DEVELOPMENT_ASSET_PATHS = "\"Todo_SwiftUi_Sophisticated/Preview Content\"";
				DEVELOPMENT_TEAM = 7LW2N5TNNW;
				ENABLE_PREVIEWS = YES;
				GENERATE_INFOPLIST_FILE = YES;
				INFOPLIST_FILE = "Todo-SwiftUi-Sophisticated-Info.plist";
				INFOPLIST_KEY_UIApplicationSceneManifest_Generation = YES;
				INFOPLIST_KEY_UIApplicationSupportsIndirectInputEvents = YES;
				INFOPLIST_KEY_UILaunchScreen_Generation = YES;
				INFOPLIST_KEY_UISupportedInterfaceOrientations_iPad = "UIInterfaceOrientationPortrait UIInterfaceOrientationPortraitUpsideDown UIInterfaceOrientationLandscapeLeft UIInterfaceOrientationLandscapeRight";
				INFOPLIST_KEY_UISupportedInterfaceOrientations_iPhone = "UIInterfaceOrientationPortrait UIInterfaceOrientationLandscapeLeft UIInterfaceOrientationLandscapeRight";
				IPHONEOS_DEPLOYMENT_TARGET = 16.0;
				LD_RUNPATH_SEARCH_PATHS = (
					"$(inherited)",
					"@executable_path/Frameworks",
				);
				MARKETING_VERSION = 1.0;
				PRODUCT_BUNDLE_IDENTIFIER = "com.kvm.Todo-SwiftUi-Sophisticated";
				PRODUCT_NAME = "$(TARGET_NAME)";
				SWIFT_EMIT_LOC_STRINGS = YES;
				SWIFT_VERSION = 5.0;
				TARGETED_DEVICE_FAMILY = "1,2";
			};
			name = Debug;
		};
		81DD8FD029B6BE2900092CD0 /* Release */ = {
			isa = XCBuildConfiguration;
			baseConfigurationReference = EB4DA9B978A8D1C2B8EA5EE4 /* Pods-Todo_SwiftUi_Sophisticated.release.xcconfig */;
			buildSettings = {
				ASSETCATALOG_COMPILER_APPICON_NAME = AppIcon;
				ASSETCATALOG_COMPILER_GLOBAL_ACCENT_COLOR_NAME = AccentColor;
				CODE_SIGN_STYLE = Automatic;
				CURRENT_PROJECT_VERSION = 1;
				DEVELOPMENT_ASSET_PATHS = "\"Todo_SwiftUi_Sophisticated/Preview Content\"";
				DEVELOPMENT_TEAM = 7LW2N5TNNW;
				ENABLE_PREVIEWS = YES;
				GENERATE_INFOPLIST_FILE = YES;
				INFOPLIST_FILE = "Todo-SwiftUi-Sophisticated-Info.plist";
				INFOPLIST_KEY_UIApplicationSceneManifest_Generation = YES;
				INFOPLIST_KEY_UIApplicationSupportsIndirectInputEvents = YES;
				INFOPLIST_KEY_UILaunchScreen_Generation = YES;
				INFOPLIST_KEY_UISupportedInterfaceOrientations_iPad = "UIInterfaceOrientationPortrait UIInterfaceOrientationPortraitUpsideDown UIInterfaceOrientationLandscapeLeft UIInterfaceOrientationLandscapeRight";
				INFOPLIST_KEY_UISupportedInterfaceOrientations_iPhone = "UIInterfaceOrientationPortrait UIInterfaceOrientationLandscapeLeft UIInterfaceOrientationLandscapeRight";
				IPHONEOS_DEPLOYMENT_TARGET = 16.0;
				LD_RUNPATH_SEARCH_PATHS = (
					"$(inherited)",
					"@executable_path/Frameworks",
				);
				MARKETING_VERSION = 1.0;
				PRODUCT_BUNDLE_IDENTIFIER = "com.kvm.Todo-SwiftUi-Sophisticated";
				PRODUCT_NAME = "$(TARGET_NAME)";
				SWIFT_EMIT_LOC_STRINGS = YES;
				SWIFT_VERSION = 5.0;
				TARGETED_DEVICE_FAMILY = "1,2";
			};
			name = Release;
		};
/* End XCBuildConfiguration section */

/* Begin XCConfigurationList section */
		81DD8FBB29B6BE2800092CD0 /* Build configuration list for PBXProject "Todo_SwiftUi_Sophisticated" */ = {
			isa = XCConfigurationList;
			buildConfigurations = (
				81DD8FCC29B6BE2900092CD0 /* Debug */,
				81DD8FCD29B6BE2900092CD0 /* Release */,
			);
			defaultConfigurationIsVisible = 0;
			defaultConfigurationName = Release;
		};
		81DD8FCE29B6BE2900092CD0 /* Build configuration list for PBXNativeTarget "Todo_SwiftUi_Sophisticated" */ = {
			isa = XCConfigurationList;
			buildConfigurations = (
				81DD8FCF29B6BE2900092CD0 /* Debug */,
				81DD8FD029B6BE2900092CD0 /* Release */,
			);
			defaultConfigurationIsVisible = 0;
			defaultConfigurationName = Release;
		};
/* End XCConfigurationList section */

/* Begin XCRemoteSwiftPackageReference section */
		813BC05229DAEA6100BF4A2A /* XCRemoteSwiftPackageReference "JZCalendarWeekView.git" */ = {
			isa = XCRemoteSwiftPackageReference;
			repositoryURL = "https://github.com/zjfjack/JZCalendarWeekView.git";
			requirement = {
				kind = upToNextMajorVersion;
				minimumVersion = 0.7.2;
			};
		};
		813BC05529DAFCC300BF4A2A /* XCRemoteSwiftPackageReference "swift-week-view" */ = {
			isa = XCRemoteSwiftPackageReference;
			repositoryURL = "https://github.com/EvanCooper9/swift-week-view";
			requirement = {
				kind = upToNextMajorVersion;
				minimumVersion = 1.1.0;
			};
		};
		8172729729D4F2980089E058 /* XCRemoteSwiftPackageReference "FSCalendar.git" */ = {
			isa = XCRemoteSwiftPackageReference;
			repositoryURL = "https://github.com/WenchaoD/FSCalendar.git";
			requirement = {
				kind = upToNextMajorVersion;
				minimumVersion = 2.0.0;
			};
		};
		819DF72029B7F5AB007333F4 /* XCRemoteSwiftPackageReference "realm-swift.git" */ = {
			isa = XCRemoteSwiftPackageReference;
			repositoryURL = "https://github.com/realm/realm-swift.git";
			requirement = {
				kind = upToNextMajorVersion;
				minimumVersion = 10.36.0;
			};
		};
		819DF72A29B80DD5007333F4 /* XCRemoteSwiftPackageReference "AlertToast.git" */ = {
			isa = XCRemoteSwiftPackageReference;
			repositoryURL = "https://github.com/elai950/AlertToast.git";
			requirement = {
				kind = upToNextMajorVersion;
				minimumVersion = 1.0.0;
			};
		};
/* End XCRemoteSwiftPackageReference section */

/* Begin XCSwiftPackageProductDependency section */
		813BC05329DAEA6100BF4A2A /* JZCalendarWeekView */ = {
			isa = XCSwiftPackageProductDependency;
			package = 813BC05229DAEA6100BF4A2A /* XCRemoteSwiftPackageReference "JZCalendarWeekView.git" */;
			productName = JZCalendarWeekView;
		};
		813BC05629DAFCC300BF4A2A /* ECWeekView */ = {
			isa = XCSwiftPackageProductDependency;
			package = 813BC05529DAFCC300BF4A2A /* XCRemoteSwiftPackageReference "swift-week-view" */;
			productName = ECWeekView;
		};
		8172729829D4F2980089E058 /* FSCalendar */ = {
			isa = XCSwiftPackageProductDependency;
			package = 8172729729D4F2980089E058 /* XCRemoteSwiftPackageReference "FSCalendar.git" */;
			productName = FSCalendar;
		};
		819DF72129B7F5AB007333F4 /* Realm */ = {
			isa = XCSwiftPackageProductDependency;
			package = 819DF72029B7F5AB007333F4 /* XCRemoteSwiftPackageReference "realm-swift.git" */;
			productName = Realm;
		};
		819DF72329B7F5AB007333F4 /* RealmSwift */ = {
			isa = XCSwiftPackageProductDependency;
			package = 819DF72029B7F5AB007333F4 /* XCRemoteSwiftPackageReference "realm-swift.git" */;
			productName = RealmSwift;
		};
		819DF72B29B80DD5007333F4 /* AlertToast */ = {
			isa = XCSwiftPackageProductDependency;
			package = 819DF72A29B80DD5007333F4 /* XCRemoteSwiftPackageReference "AlertToast.git" */;
			productName = AlertToast;
		};
/* End XCSwiftPackageProductDependency section */
	};
	rootObject = 81DD8FB829B6BE2800092CD0 /* Project object */;
}
